# THIS IS AN AUTOGENERATED FILE. DO NOT EDIT THIS FILE DIRECTLY.
# yarn lockfile v1


"@zeit/webpack-asset-relocator-loader@^0.4.1":
  version "0.4.1"
  resolved "https://registry.yarnpkg.com/@zeit/webpack-asset-relocator-loader/-/webpack-asset-relocator-loader-0.4.1.tgz#91945f1a2c72b08851bb96ed9def168d7d5af773"
  integrity sha512-EAbP51PT1aPryEohgBCOZMz1zGS5VTu+JbQlKB0GqDMuzBN7eqYJmOvr4r0N9LAMbgIKRUpj5l7dKjCozAsgKw==
  dependencies:
    sourcemap-codec "^1.4.4"

sourcemap-codec@^1.4.4:
  version "1.4.4"
  resolved "https://registry.yarnpkg.com/sourcemap-codec/-/sourcemap-codec-1.4.4.tgz#c63ea927c029dd6bd9a2b7fa03b3fec02ad56e9f"
  integrity sha512-CYAPYdBu34781kLHkaW3m6b/uUSyMOC2R61gcYMWooeuaGtjof86ZA/8T+qVPPt7np1085CR9hmMGrySwEc8Xg==
